// !$*UTF8*$!
{
	archiveVersion = 1;
	classes = {
	};
	objectVersion = 55;
	objects = {

/* Begin PBXBuildFile section */
		3FC0454F2AE13E8A00DFD371 /* AppDelegate.swift in Sources */ = {isa = PBXBuildFile; fileRef = 3FC0454E2AE13E8A00DFD371 /* AppDelegate.swift */; };
		3FC045512AE13E8A00DFD371 /* SceneDelegate.swift in Sources */ = {isa = PBXBuildFile; fileRef = 3FC045502AE13E8A00DFD371 /* SceneDelegate.swift */; };
		3FC045532AE13E8A00DFD371 /* ViewController.swift in Sources */ = {isa = PBXBuildFile; fileRef = 3FC045522AE13E8A00DFD371 /* ViewController.swift */; };
		3FC045562AE13E8A00DFD371 /* Main.storyboard in Resources */ = {isa = PBXBuildFile; fileRef = 3FC045542AE13E8A00DFD371 /* Main.storyboard */; };
		3FC045592AE13E8A00DFD371 /* zaj1a1a.xcdatamodeld in Sources */ = {isa = PBXBuildFile; fileRef = 3FC045572AE13E8A00DFD371 /* zaj1a1a.xcdatamodeld */; };
		3FC0455B2AE13E8C00DFD371 /* Assets.xcassets in Resources */ = {isa = PBXBuildFile; fileRef = 3FC0455A2AE13E8C00DFD371 /* Assets.xcassets */; };
		3FC0455E2AE13E8C00DFD371 /* LaunchScreen.storyboard in Resources */ = {isa = PBXBuildFile; fileRef = 3FC0455C2AE13E8C00DFD371 /* LaunchScreen.storyboard */; };
/* End PBXBuildFile section */

/* Begin PBXFileReference section */
		3FC0454B2AE13E8A00DFD371 /* zaj1a1a.app */ = {isa = PBXFileReference; explicitFileType = wrapper.application; includeInIndex = 0; path = zaj1a1a.app; sourceTree = BUILT_PRODUCTS_DIR; };
		3FC0454E2AE13E8A00DFD371 /* AppDelegate.swift */ = {isa = PBXFileReference; lastKnownFileType = sourcecode.swift; path = AppDelegate.swift; sourceTree = "<group>"; };
		3FC045502AE13E8A00DFD371 /* SceneDelegate.swift */ = {isa = PBXFileReference; lastKnownFileType = sourcecode.swift; path = SceneDelegate.swift; sourceTree = "<group>"; };
		3FC045522AE13E8A00DFD371 /* ViewController.swift */ = {isa = PBXFileReference; lastKnownFileType = sourcecode.swift; path = ViewController.swift; sourceTree = "<group>"; };
		3FC045552AE13E8A00DFD371 /* Base */ = {isa = PBXFileReference; lastKnownFileType = file.storyboard; name = Base; path = Base.lproj/Main.storyboard; sourceTree = "<group>"; };
		3FC045582AE13E8A00DFD371 /* zaj1a1a.xcdatamodel */ = {isa = PBXFileReference; lastKnownFileType = wrapper.xcdatamodel; path = zaj1a1a.xcdatamodel; sourceTree = "<group>"; };
		3FC0455A2AE13E8C00DFD371 /* Assets.xcassets */ = {isa = PBXFileReference; lastKnownFileType = folder.assetcatalog; path = Assets.xcassets; sourceTree = "<group>"; };
		3FC0455D2AE13E8C00DFD371 /* Base */ = {isa = PBXFileReference; lastKnownFileType = file.storyboard; name = Base; path = Base.lproj/LaunchScreen.storyboard; sourceTree = "<group>"; };
		3FC0455F2AE13E8C00DFD371 /* Info.plist */ = {isa = PBXFileReference; lastKnownFileType = text.plist.xml; path = Info.plist; sourceTree = "<group>"; };
/* End PBXFileReference section */

/* Begin PBXFrameworksBuildPhase section */
		3FC045482AE13E8A00DFD371 /* Frameworks */ = {
			isa = PBXFrameworksBuildPhase;
			buildActionMask = 2147483647;
			files = (
			);
			runOnlyForDeploymentPostprocessing = 0;
		};
/* End PBXFrameworksBuildPhase section */

/* Begin PBXGroup section */
		3FC045422AE13E8A00DFD371 = {
			isa = PBXGroup;
			children = (
				3FC0454D2AE13E8A00DFD371 /* zaj1a1a */,
				3FC0454C2AE13E8A00DFD371 /* Products */,
			);
			sourceTree = "<group>";
		};
		3FC0454C2AE13E8A00DFD371 /* Products */ = {
			isa = PBXGroup;
			children = (
				3FC0454B2AE13E8A00DFD371 /* zaj1a1a.app */,
			);
			name = Products;
			sourceTree = "<group>";
		};
		3FC0454D2AE13E8A00DFD371 /* zaj1a1a */ = {
			isa = PBXGroup;
			children = (
				3FC0454E2AE13E8A00DFD371 /* AppDelegate.swift */,
				3FC045502AE13E8A00DFD371 /* SceneDelegate.swift */,
				3FC045522AE13E8A00DFD371 /* ViewController.swift */,
				3FC045542AE13E8A00DFD371 /* Main.storyboard */,
				3FC0455A2AE13E8C00DFD371 /* Assets.xcassets */,
				3FC0455C2AE13E8C00DFD371 /* LaunchScreen.storyboard */,
				3FC0455F2AE13E8C00DFD371 /* Info.plist */,
				3FC045572AE13E8A00DFD371 /* zaj1a1a.xcdatamodeld */,
			);
			path = zaj1a1a;
			sourceTree = "<group>";
		};
/* End PBXGroup section */

/* Begin PBXNativeTarget section */
		3FC0454A2AE13E8A00DFD371 /* zaj1a1a */ = {
			isa = PBXNativeTarget;
			buildConfigurationList = 3FC045622AE13E8C00DFD371 /* Build configuration list for PBXNativeTarget "zaj1a1a" */;
			buildPhases = (
				3FC045472AE13E8A00DFD371 /* Sources */,
				3FC045482AE13E8A00DFD371 /* Frameworks */,
				3FC045492AE13E8A00DFD371 /* Resources */,
			);
			buildRules = (
			);
			dependencies = (
			);
			name = zaj1a1a;
			productName = zaj1a1a;
			productReference = 3FC0454B2AE13E8A00DFD371 /* zaj1a1a.app */;
			productType = "com.apple.product-type.application";
		};
/* End PBXNativeTarget section */

/* Begin PBXProject section */
		3FC045432AE13E8A00DFD371 /* Project object */ = {
			isa = PBXProject;
			attributes = {
				BuildIndependentTargetsInParallel = 1;
				LastSwiftUpdateCheck = 1300;
				LastUpgradeCheck = 1300;
				TargetAttributes = {
					3FC0454A2AE13E8A00DFD371 = {
						CreatedOnToolsVersion = 13.0;
					};
				};
			};
			buildConfigurationList = 3FC045462AE13E8A00DFD371 /* Build configuration list for PBXProject "zaj1a1a" */;
			compatibilityVersion = "Xcode 13.0";
			developmentRegion = en;
			hasScannedForEncodings = 0;
			knownRegions = (
				en,
				Base,
			);
			mainGroup = 3FC045422AE13E8A00DFD371;
			productRefGroup = 3FC0454C2AE13E8A00DFD371 /* Products */;
			projectDirPath = "";
			projectRoot = "";
			targets = (
				3FC0454A2AE13E8A00DFD371 /* zaj1a1a */,
			);
		};
/* End PBXProject section */

/* Begin PBXResourcesBuildPhase section */
		3FC045492AE13E8A00DFD371 /* Resources */ = {
			isa = PBXResourcesBuildPhase;
			buildActionMask = 2147483647;
			files = (
				3FC0455E2AE13E8C00DFD371 /* LaunchScreen.storyboard in Resources */,
				3FC0455B2AE13E8C00DFD371 /* Assets.xcassets in Resources */,
				3FC045562AE13E8A00DFD371 /* Main.storyboard in Resources */,
			);
			runOnlyForDeploymentPostprocessing = 0;
		};
/* End PBXResourcesBuildPhase section */

/* Begin PBXSourcesBuildPhase section */
		3FC045472AE13E8A00DFD371 /* Sources */ = {
			isa = PBXSourcesBuildPhase;
			buildActionMask = 2147483647;
			files = (
				3FC045532AE13E8A00DFD371 /* ViewController.swift in Sources */,
				3FC045592AE13E8A00DFD371 /* zaj1a1a.xcdatamodeld in Sources */,
				3FC0454F2AE13E8A00DFD371 /* AppDelegate.swift in Sources */,
				3FC045512AE13E8A00DFD371 /* SceneDelegate.swift in Sources */,
			);
			runOnlyForDeploymentPostprocessing = 0;
		};
/* End PBXSourcesBuildPhase section */

/* Begin PBXVariantGroup section */
		3FC045542AE13E8A00DFD371 /* Main.storyboard */ = {
			isa = PBXVariantGroup;
			children = (
				3FC045552AE13E8A00DFD371 /* Base */,
			);
			name = Main.storyboard;
			sourceTree = "<group>";
		};
		3FC0455C2AE13E8C00DFD371 /* LaunchScreen.storyboard */ = {
			isa = PBXVariantGroup;
			children = (
				3FC0455D2AE13E8C00DFD371 /* Base */,
			);
			name = LaunchScreen.storyboard;
			sourceTree = "<group>";
		};
/* End PBXVariantGroup section */

/* Begin XCBuildConfiguration section */
		3FC045602AE13E8C00DFD371 /* Debug */ = {
			isa = XCBuildConfiguration;
			buildSettings = {
				ALWAYS_SEARCH_USER_PATHS = NO;
				CLANG_ANALYZER_NONNULL = YES;
				CLANG_ANALYZER_NUMBER_OBJECT_CONVERSION = YES_AGGRESSIVE;
				CLANG_CXX_LANGUAGE_STANDARD = "gnu++17";
				CLANG_CXX_LIBRARY = "libc++";
				CLANG_ENABLE_MODULES = YES;
				CLANG_ENABLE_OBJC_ARC = YES;
				CLANG_ENABLE_OBJC_WEAK = YES;
				CLANG_WARN_BLOCK_CAPTURE_AUTORELEASING = YES;
				CLANG_WARN_BOOL_CONVERSION = YES;
				CLANG_WARN_COMMA = YES;
				CLANG_WARN_CONSTANT_CONVERSION = YES;
				CLANG_WARN_DEPRECATED_OBJC_IMPLEMENTATIONS = YES;
				CLANG_WARN_DIRECT_OBJC_ISA_USAGE = YES_ERROR;
				CLANG_WARN_DOCUMENTATION_COMMENTS = YES;
				CLANG_WARN_EMPTY_BODY = YES;
				CLANG_WARN_ENUM_CONVERSION = YES;
				CLANG_WARN_INFINITE_RECURSION = YES;
				CLANG_WARN_INT_CONVERSION = YES;
				CLANG_WARN_NON_LITERAL_NULL_CONVERSION = YES;
				CLANG_WARN_OBJC_IMPLICIT_RETAIN_SELF = YES;
				CLANG_WARN_OBJC_LITERAL_CONVERSION = YES;
				CLANG_WARN_OBJC_ROOT_CLASS = YES_ERROR;
				CLANG_WARN_QUOTED_INCLUDE_IN_FRAMEWORK_HEADER = YES;
				CLANG_WARN_RANGE_LOOP_ANALYSIS = YES;
				CLANG_WARN_STRICT_PROTOTYPES = YES;
				CLANG_WARN_SUSPICIOUS_MOVE = YES;
				CLANG_WARN_UNGUARDED_AVAILABILITY = YES_AGGRESSIVE;
				CLANG_WARN_UNREACHABLE_CODE = YES;
				CLANG_WARN__DUPLICATE_METHOD_MATCH = YES;
				COPY_PHASE_STRIP = NO;
				DEBUG_INFORMATION_FORMAT = dwarf;
				ENABLE_STRICT_OBJC_MSGSEND = YES;
				ENABLE_TESTABILITY = YES;
				GCC_C_LANGUAGE_STANDARD = gnu11;
				GCC_DYNAMIC_NO_PIC = NO;
				GCC_NO_COMMON_BLOCKS = YES;
				GCC_OPTIMIZATION_LEVEL = 0;
				GCC_PREPROCESSOR_DEFINITIONS = (
					"DEBUG=1",
					"$(inherited)",
				);
				GCC_WARN_64_TO_32_BIT_CONVERSION = YES;
				GCC_WARN_ABOUT_RETURN_TYPE = YES_ERROR;
				GCC_WARN_UNDECLARED_SELECTOR = YES;
				GCC_WARN_UNINITIALIZED_AUTOS = YES_AGGRESSIVE;
				GCC_WARN_UNUSED_FUNCTION = YES;
				GCC_WARN_UNUSED_VARIABLE = YES;
				IPHONEOS_DEPLOYMENT_TARGET = 15.0;
				MTL_ENABLE_DEBUG_INFO = INCLUDE_SOURCE;
				MTL_FAST_MATH = YES;
				ONLY_ACTIVE_ARCH = YES;
				SDKROOT = iphoneos;
				SWIFT_ACTIVE_COMPILATION_CONDITIONS = DEBUG;
				SWIFT_OPTIMIZATION_LEVEL = "-Onone";
			};
			name = Debug;
		};
		3FC045612AE13E8C00DFD371 /* Release */ = {
			isa = XCBuildConfiguration;
			buildSettings = {
				ALWAYS_SEARCH_USER_PATHS = NO;
				CLANG_ANALYZER_NONNULL = YES;
				CLANG_ANALYZER_NUMBER_OBJECT_CONVERSION = YES_AGGRESSIVE;
				CLANG_CXX_LANGUAGE_STANDARD = "gnu++17";
				CLANG_CXX_LIBRARY = "libc++";
				CLANG_ENABLE_MODULES = YES;
				CLANG_ENABLE_OBJC_ARC = YES;
				CLANG_ENABLE_OBJC_WEAK = YES;
				CLANG_WARN_BLOCK_CAPTURE_AUTORELEASING = YES;
				CLANG_WARN_BOOL_CONVERSION = YES;
				CLANG_WARN_COMMA = YES;
				CLANG_WARN_CONSTANT_CONVERSION = YES;
				CLANG_WARN_DEPRECATED_OBJC_IMPLEMENTATIONS = YES;
				CLANG_WARN_DIRECT_OBJC_ISA_USAGE = YES_ERROR;
				CLANG_WARN_DOCUMENTATION_COMMENTS = YES;
				CLANG_WARN_EMPTY_BODY = YES;
				CLANG_WARN_ENUM_CONVERSION = YES;
				CLANG_WARN_INFINITE_RECURSION = YES;
				CLANG_WARN_INT_CONVERSION = YES;
				CLANG_WARN_NON_LITERAL_NULL_CONVERSION = YES;
				CLANG_WARN_OBJC_IMPLICIT_RETAIN_SELF = YES;
				CLANG_WARN_OBJC_LITERAL_CONVERSION = YES;
				CLANG_WARN_OBJC_ROOT_CLASS = YES_ERROR;
				CLANG_WARN_QUOTED_INCLUDE_IN_FRAMEWORK_HEADER = YES;
				CLANG_WARN_RANGE_LOOP_ANALYSIS = YES;
				CLANG_WARN_STRICT_PROTOTYPES = YES;
				CLANG_WARN_SUSPICIOUS_MOVE = YES;
				CLANG_WARN_UNGUARDED_AVAILABILITY = YES_AGGRESSIVE;
				CLANG_WARN_UNREACHABLE_CODE = YES;
				CLANG_WARN__DUPLICATE_METHOD_MATCH = YES;
				COPY_PHASE_STRIP = NO;
				DEBUG_INFORMATION_FORMAT = "dwarf-with-dsym";
				ENABLE_NS_ASSERTIONS = NO;
				ENABLE_STRICT_OBJC_MSGSEND = YES;
				GCC_C_LANGUAGE_STANDARD = gnu11;
				GCC_NO_COMMON_BLOCKS = YES;
				GCC_WARN_64_TO_32_BIT_CONVERSION = YES;
				GCC_WARN_ABOUT_RETURN_TYPE = YES_ERROR;
				GCC_WARN_UNDECLARED_SELECTOR = YES;
				GCC_WARN_UNINITIALIZED_AUTOS = YES_AGGRESSIVE;
				GCC_WARN_UNUSED_FUNCTION = YES;
				GCC_WARN_UNUSED_VARIABLE = YES;
				IPHONEOS_DEPLOYMENT_TARGET = 15.0;
				MTL_ENABLE_DEBUG_INFO = NO;
				MTL_FAST_MATH = YES;
				SDKROOT = iphoneos;
				SWIFT_COMPILATION_MODE = wholemodule;
				SWIFT_OPTIMIZATION_LEVEL = "-O";
				VALIDATE_PRODUCT = YES;
			};
			name = Release;
		};
		3FC045632AE13E8C00DFD371 /* Debug */ = {
			isa = XCBuildConfiguration;
			buildSettings = {
				ASSETCATALOG_COMPILER_APPICON_NAME = AppIcon;
				ASSETCATALOG_COMPILER_GLOBAL_ACCENT_COLOR_NAME = AccentColor;
				CODE_SIGN_STYLE = Automatic;
				CURRENT_PROJECT_VERSION = 1;
				GENERATE_INFOPLIST_FILE = YES;
				INFOPLIST_FILE = zaj1a1a/Info.plist;
				INFOPLIST_KEY_UIApplicationSupportsIndirectInputEvents = YES;
				INFOPLIST_KEY_UILaunchStoryboardName = LaunchScreen;
				INFOPLIST_KEY_UIMainStoryboardFile = Main;
				INFOPLIST_KEY_UISupportedInterfaceOrientations_iPad = "UIInterfaceOrientationPortrait UIInterfaceOrientationPortraitUpsideDown UIInterfaceOrientationLandscapeLeft UIInterfaceOrientationLandscapeRight";
				INFOPLIST_KEY_UISupportedInterfaceOrientations_iPhone = "UIInterfaceOrientationPortrait UIInterfaceOrientationLandscapeLeft UIInterfaceOrientationLandscapeRight";
				LD_RUNPATH_SEARCH_PATHS = (
					"$(inherited)",
					"@executable_path/Frameworks",
				);
				MARKETING_VERSION = 1.0;
				PRODUCT_BUNDLE_IDENTIFIER = h.zaj1a1a;
				PRODUCT_NAME = "$(TARGET_NAME)";
				SWIFT_EMIT_LOC_STRINGS = YES;
				SWIFT_VERSION = 5.0;
				TARGETED_DEVICE_FAMILY = "1,2";
			};
			name = Debug;
		};
		3FC045642AE13E8C00DFD371 /* Release */ = {
			isa = XCBuildConfiguration;
			buildSettings = {
				ASSETCATALOG_COMPILER_APPICON_NAME = AppIcon;
				ASSETCATALOG_COMPILER_GLOBAL_ACCENT_COLOR_NAME = AccentColor;
				CODE_SIGN_STYLE = Automatic;
				CURRENT_PROJECT_VERSION = 1;
				GENERATE_INFOPLIST_FILE = YES;
				INFOPLIST_FILE = zaj1a1a/Info.plist;
				INFOPLIST_KEY_UIApplicationSupportsIndirectInputEvents = YES;
				INFOPLIST_KEY_UILaunchStoryboardName = LaunchScreen;
				INFOPLIST_KEY_UIMainStoryboardFile = Main;
				INFOPLIST_KEY_UISupportedInterfaceOrientations_iPad = "UIInterfaceOrientationPortrait UIInterfaceOrientationPortraitUpsideDown UIInterfaceOrientationLandscapeLeft UIInterfaceOrientationLandscapeRight";
				INFOPLIST_KEY_UISupportedInterfaceOrientations_iPhone = "UIInterfaceOrientationPortrait UIInterfaceOrientationLandscapeLeft UIInterfaceOrientationLandscapeRight";
				LD_RUNPATH_SEARCH_PATHS = (
					"$(inherited)",
					"@executable_path/Frameworks",
				);
				MARKETING_VERSION = 1.0;
				PRODUCT_BUNDLE_IDENTIFIER = h.zaj1a1a;
				PRODUCT_NAME = "$(TARGET_NAME)";
				SWIFT_EMIT_LOC_STRINGS = YES;
				SWIFT_VERSION = 5.0;
				TARGETED_DEVICE_FAMILY = "1,2";
			};
			name = Release;
		};
/* End XCBuildConfiguration section */

/* Begin XCConfigurationList section */
		3FC045462AE13E8A00DFD371 /* Build configuration list for PBXProject "zaj1a1a" */ = {
			isa = XCConfigurationList;
			buildConfigurations = (
				3FC045602AE13E8C00DFD371 /* Debug */,
				3FC045612AE13E8C00DFD371 /* Release */,
			);
			defaultConfigurationIsVisible = 0;
			defaultConfigurationName = Release;
		};
		3FC045622AE13E8C00DFD371 /* Build configuration list for PBXNativeTarget "zaj1a1a" */ = {
			isa = XCConfigurationList;
			buildConfigurations = (
				3FC045632AE13E8C00DFD371 /* Debug */,
				3FC045642AE13E8C00DFD371 /* Release */,
			);
			defaultConfigurationIsVisible = 0;
			defaultConfigurationName = Release;
		};
/* End XCConfigurationList section */

/* Begin XCVersionGroup section */
		3FC045572AE13E8A00DFD371 /* zaj1a1a.xcdatamodeld */ = {
			isa = XCVersionGroup;
			children = (
				3FC045582AE13E8A00DFD371 /* zaj1a1a.xcdatamodel */,
			);
			currentVersion = 3FC045582AE13E8A00DFD371 /* zaj1a1a.xcdatamodel */;
			path = zaj1a1a.xcdatamodeld;
			sourceTree = "<group>";
			versionGroupType = wrapper.xcdatamodel;
		};
/* End XCVersionGroup section */
	};
	rootObject = 3FC045432AE13E8A00DFD371 /* Project object */;
}
